
Microsoft Visual Studio Solution File, Format Version 12.00
# Visual Studio 15
VisualStudioVersion = 15.0.27703.2042
MinimumVisualStudioVersion = 10.0.40219.1
Project("{8BC9CEB8-8B4A-11D0-8D11-00A0C91BC942}") = "sort_problem", "sort_problem\sort_problem.vcxproj", "{ABF49B65-BB19-46EB-850C-F38B702EE649}"
EndProject
Global
	GlobalSection(SolutionConfigurationPlatforms) = preSolution
		Debug|x64 = Debug|x64
		Debug|x86 = Debug|x86
		Release|x64 = Release|x64
		Release|x86 = Release|x86
	EndGlobalSection
	GlobalSection(ProjectConfigurationPlatforms) = postSolution
		{ABF49B65-BB19-46EB-850C-F38B702EE649}.Debug|x64.ActiveCfg = Debug|x64
		{ABF49B65-BB19-46EB-850C-F38B702EE649}.Debug|x64.Build.0 = Debug|x64
		{ABF49B65-BB19-46EB-850C-F38B702EE649}.Debug|x86.ActiveCfg = Debug|Win32
		{ABF49B65-BB19-46EB-850C-F38B702EE649}.Debug|x86.Build.0 = Debug|Win32
		{ABF49B65-BB19-46EB-850C-F38B702EE649}.Release|x64.ActiveCfg = Release|x64
		{ABF49B65-BB19-46EB-850C-F38B702EE649}.Release|x64.Build.0 = Release|x64
		{ABF49B65-BB19-46EB-850C-F38B702EE649}.Release|x86.ActiveCfg = Release|Win32
		{ABF49B65-BB19-46EB-850C-F38B702EE649}.Release|x86.Build.0 = Release|Win32
	EndGlobalSection
	GlobalSection(SolutionProperties) = preSolution
		HideSolutionNode = FALSE
	EndGlobalSection
	GlobalSection(ExtensibilityGlobals) = postSolution
		SolutionGuid = {58B5B848-E39C-4376-9EA5-156434253A10}
	EndGlobalSection
EndGlobal
